
Microsoft Visual Studio Solution File, Format Version 12.00
# Visual Studio Version 17
VisualStudioVersion = 17.10.34916.146
MinimumVisualStudioVersion = 10.0.40219.1
Project("{FAE04EC0-301F-11D3-BF4B-00C04F79EFBC}") = "TechFixAPI", "TechFixAPI.csproj", "{6DB93BF2-B165-46D1-AE37-CBD58F848854}"
EndProject
Global
	GlobalSection(SolutionConfigurationPlatforms) = preSolution
		Debug|Any CPU = Debug|Any CPU
		Release|Any CPU = Release|Any CPU
	EndGlobalSection
	GlobalSection(ProjectConfigurationPlatforms) = postSolution
		{6DB93BF2-B165-46D1-AE37-CBD58F848854}.Debug|Any CPU.ActiveCfg = Debug|Any CPU
		{6DB93BF2-B165-46D1-AE37-CBD58F848854}.Debug|Any CPU.Build.0 = Debug|Any CPU
		{6DB93BF2-B165-46D1-AE37-CBD58F848854}.Release|Any CPU.ActiveCfg = Release|Any CPU
		{6DB93BF2-B165-46D1-AE37-CBD58F848854}.Release|Any CPU.Build.0 = Release|Any CPU
	EndGlobalSection
	GlobalSection(SolutionProperties) = preSolution
		HideSolutionNode = FALSE
	EndGlobalSection
	GlobalSection(ExtensibilityGlobals) = postSolution
		SolutionGuid = {5A087D0C-2D87-4B63-B96D-B1F1C2A96FAF}
	EndGlobalSection
EndGlobal
