
Microsoft Visual Studio Solution File, Format Version 12.00
# Visual Studio Version 17
VisualStudioVersion = 17.10.34916.146
MinimumVisualStudioVersion = 10.0.40219.1
Project("{FAE04EC0-301F-11D3-BF4B-00C04F79EFBC}") = "Supplier API 2", "Supplier API 2.csproj", "{4035EF61-694D-493E-8B40-F4CC3EB9A9DC}"
EndProject
Global
	GlobalSection(SolutionConfigurationPlatforms) = preSolution
		Debug|Any CPU = Debug|Any CPU
		Release|Any CPU = Release|Any CPU
	EndGlobalSection
	GlobalSection(ProjectConfigurationPlatforms) = postSolution
		{4035EF61-694D-493E-8B40-F4CC3EB9A9DC}.Debug|Any CPU.ActiveCfg = Debug|Any CPU
		{4035EF61-694D-493E-8B40-F4CC3EB9A9DC}.Debug|Any CPU.Build.0 = Debug|Any CPU
		{4035EF61-694D-493E-8B40-F4CC3EB9A9DC}.Release|Any CPU.ActiveCfg = Release|Any CPU
		{4035EF61-694D-493E-8B40-F4CC3EB9A9DC}.Release|Any CPU.Build.0 = Release|Any CPU
	EndGlobalSection
	GlobalSection(SolutionProperties) = preSolution
		HideSolutionNode = FALSE
	EndGlobalSection
	GlobalSection(ExtensibilityGlobals) = postSolution
		SolutionGuid = {AFD9B0AF-D773-4D65-8F2A-2FF5343A8116}
	EndGlobalSection
EndGlobal
