
Microsoft Visual Studio Solution File, Format Version 12.00
# Visual Studio Version 17
VisualStudioVersion = 17.10.34916.146
MinimumVisualStudioVersion = 10.0.40219.1
Project("{FAE04EC0-301F-11D3-BF4B-00C04F79EFBC}") = "Supplier API 1", "Supplier API 1.csproj", "{4D450B0B-4BEB-4FF3-AEB3-60B1A15E6DC2}"
EndProject
Global
	GlobalSection(SolutionConfigurationPlatforms) = preSolution
		Debug|Any CPU = Debug|Any CPU
		Release|Any CPU = Release|Any CPU
	EndGlobalSection
	GlobalSection(ProjectConfigurationPlatforms) = postSolution
		{4D450B0B-4BEB-4FF3-AEB3-60B1A15E6DC2}.Debug|Any CPU.ActiveCfg = Debug|Any CPU
		{4D450B0B-4BEB-4FF3-AEB3-60B1A15E6DC2}.Debug|Any CPU.Build.0 = Debug|Any CPU
		{4D450B0B-4BEB-4FF3-AEB3-60B1A15E6DC2}.Release|Any CPU.ActiveCfg = Release|Any CPU
		{4D450B0B-4BEB-4FF3-AEB3-60B1A15E6DC2}.Release|Any CPU.Build.0 = Release|Any CPU
	EndGlobalSection
	GlobalSection(SolutionProperties) = preSolution
		HideSolutionNode = FALSE
	EndGlobalSection
	GlobalSection(ExtensibilityGlobals) = postSolution
		SolutionGuid = {AEC9D42B-1334-4699-8143-4A7B75519DFE}
	EndGlobalSection
EndGlobal
